
Microsoft Visual Studio Solution File, Format Version 12.00
# Visual Studio Version 17
VisualStudioVersion = 17.1.32210.238
MinimumVisualStudioVersion = 10.0.40219.1
Project("{FAE04EC0-301F-11D3-BF4B-00C04F79EFBC}") = "Entities", "Entities\Entities.csproj", "{AF3A55F2-4F39-44B2-95BD-279DC2A98D43}"
EndProject
Project("{FAE04EC0-301F-11D3-BF4B-00C04F79EFBC}") = "DataAccess", "DataAccess\DataAccess.csproj", "{C124AB62-E7B8-48DF-9AC0-6260B4BA3D8C}"
EndProject
Project("{FAE04EC0-301F-11D3-BF4B-00C04F79EFBC}") = "Business", "Business\Business.csproj", "{7BCA878C-5155-4BDF-BA44-AC900E02A123}"
EndProject
Project("{FAE04EC0-301F-11D3-BF4B-00C04F79EFBC}") = "Core", "Core\Core.csproj", "{DB927AF4-067D-4422-8CCF-2903A27255BD}"
EndProject
Project("{FAE04EC0-301F-11D3-BF4B-00C04F79EFBC}") = "WebAPI", "WebAPI\WebAPI.csproj", "{DD9E0A14-A0D6-4DDC-BF51-A6E7E1EEFFD4}"
EndProject
Global
	GlobalSection(SolutionConfigurationPlatforms) = preSolution
		Debug|Any CPU = Debug|Any CPU
		Release|Any CPU = Release|Any CPU
	EndGlobalSection
	GlobalSection(ProjectConfigurationPlatforms) = postSolution
		{AF3A55F2-4F39-44B2-95BD-279DC2A98D43}.Debug|Any CPU.ActiveCfg = Debug|Any CPU
		{AF3A55F2-4F39-44B2-95BD-279DC2A98D43}.Debug|Any CPU.Build.0 = Debug|Any CPU
		{AF3A55F2-4F39-44B2-95BD-279DC2A98D43}.Release|Any CPU.ActiveCfg = Release|Any CPU
		{AF3A55F2-4F39-44B2-95BD-279DC2A98D43}.Release|Any CPU.Build.0 = Release|Any CPU
		{C124AB62-E7B8-48DF-9AC0-6260B4BA3D8C}.Debug|Any CPU.ActiveCfg = Debug|Any CPU
		{C124AB62-E7B8-48DF-9AC0-6260B4BA3D8C}.Debug|Any CPU.Build.0 = Debug|Any CPU
		{C124AB62-E7B8-48DF-9AC0-6260B4BA3D8C}.Release|Any CPU.ActiveCfg = Release|Any CPU
		{C124AB62-E7B8-48DF-9AC0-6260B4BA3D8C}.Release|Any CPU.Build.0 = Release|Any CPU
		{7BCA878C-5155-4BDF-BA44-AC900E02A123}.Debug|Any CPU.ActiveCfg = Debug|Any CPU
		{7BCA878C-5155-4BDF-BA44-AC900E02A123}.Debug|Any CPU.Build.0 = Debug|Any CPU
		{7BCA878C-5155-4BDF-BA44-AC900E02A123}.Release|Any CPU.ActiveCfg = Release|Any CPU
		{7BCA878C-5155-4BDF-BA44-AC900E02A123}.Release|Any CPU.Build.0 = Release|Any CPU
		{DB927AF4-067D-4422-8CCF-2903A27255BD}.Debug|Any CPU.ActiveCfg = Debug|Any CPU
		{DB927AF4-067D-4422-8CCF-2903A27255BD}.Debug|Any CPU.Build.0 = Debug|Any CPU
		{DB927AF4-067D-4422-8CCF-2903A27255BD}.Release|Any CPU.ActiveCfg = Release|Any CPU
		{DB927AF4-067D-4422-8CCF-2903A27255BD}.Release|Any CPU.Build.0 = Release|Any CPU
		{DD9E0A14-A0D6-4DDC-BF51-A6E7E1EEFFD4}.Debug|Any CPU.ActiveCfg = Debug|Any CPU
		{DD9E0A14-A0D6-4DDC-BF51-A6E7E1EEFFD4}.Debug|Any CPU.Build.0 = Debug|Any CPU
		{DD9E0A14-A0D6-4DDC-BF51-A6E7E1EEFFD4}.Release|Any CPU.ActiveCfg = Release|Any CPU
		{DD9E0A14-A0D6-4DDC-BF51-A6E7E1EEFFD4}.Release|Any CPU.Build.0 = Release|Any CPU
	EndGlobalSection
	GlobalSection(SolutionProperties) = preSolution
		HideSolutionNode = FALSE
	EndGlobalSection
	GlobalSection(ExtensibilityGlobals) = postSolution
		SolutionGuid = {581EEC6F-404B-4138-842C-C9432165008F}
	EndGlobalSection
EndGlobal
